// !$*UTF8*$!
{
	archiveVersion = 1;
	classes = {
	};
	objectVersion = 48;
	objects = {

/* Begin PBXBuildFile section */
		3540C1FF207F9FF4001E57BF /* AppDelegate.swift in Sources */ = {isa = PBXBuildFile; fileRef = 3540C1FE207F9FF4001E57BF /* AppDelegate.swift */; };
		3540C201207F9FF4001E57BF /* ViewController.swift in Sources */ = {isa = PBXBuildFile; fileRef = 3540C200207F9FF4001E57BF /* ViewController.swift */; };
		3540C204207F9FF4001E57BF /* Main.storyboard in Resources */ = {isa = PBXBuildFile; fileRef = 3540C202207F9FF4001E57BF /* Main.storyboard */; };
		3540C206207F9FF4001E57BF /* Assets.xcassets in Resources */ = {isa = PBXBuildFile; fileRef = 3540C205207F9FF4001E57BF /* Assets.xcassets */; };
		3540C209207F9FF4001E57BF /* LaunchScreen.storyboard in Resources */ = {isa = PBXBuildFile; fileRef = 3540C207207F9FF4001E57BF /* LaunchScreen.storyboard */; };
		3540C23D207FA052001E57BF /* UIColor+Extension.swift in Sources */ = {isa = PBXBuildFile; fileRef = 3540C235207FA052001E57BF /* UIColor+Extension.swift */; };
		3540C23E207FA052001E57BF /* UIView_NJView.swift in Sources */ = {isa = PBXBuildFile; fileRef = 3540C236207FA052001E57BF /* UIView_NJView.swift */; };
		3540C23F207FA052001E57BF /* NJLoadingView.swift in Sources */ = {isa = PBXBuildFile; fileRef = 3540C237207FA052001E57BF /* NJLoadingView.swift */; };
		3540C240207FA052001E57BF /* UITextField+NJTextField.swift in Sources */ = {isa = PBXBuildFile; fileRef = 3540C238207FA052001E57BF /* UITextField+NJTextField.swift */; };
		3540C241207FA052001E57BF /* NJUIConst.swift in Sources */ = {isa = PBXBuildFile; fileRef = 3540C239207FA052001E57BF /* NJUIConst.swift */; };
		3540C242207FA052001E57BF /* CALayer+NJLayer.swift in Sources */ = {isa = PBXBuildFile; fileRef = 3540C23A207FA052001E57BF /* CALayer+NJLayer.swift */; };
		3540C243207FA052001E57BF /* NJConst.swift in Sources */ = {isa = PBXBuildFile; fileRef = 3540C23B207FA052001E57BF /* NJConst.swift */; };
		3540C244207FA052001E57BF /* NJAlert.swift in Sources */ = {isa = PBXBuildFile; fileRef = 3540C23C207FA052001E57BF /* NJAlert.swift */; };
/* End PBXBuildFile section */

/* Begin PBXFileReference section */
		3540C1FB207F9FF4001E57BF /* NJExtension.app */ = {isa = PBXFileReference; explicitFileType = wrapper.application; includeInIndex = 0; path = NJExtension.app; sourceTree = BUILT_PRODUCTS_DIR; };
		3540C1FE207F9FF4001E57BF /* AppDelegate.swift */ = {isa = PBXFileReference; lastKnownFileType = sourcecode.swift; path = AppDelegate.swift; sourceTree = "<group>"; };
		3540C200207F9FF4001E57BF /* ViewController.swift */ = {isa = PBXFileReference; lastKnownFileType = sourcecode.swift; path = ViewController.swift; sourceTree = "<group>"; };
		3540C203207F9FF4001E57BF /* Base */ = {isa = PBXFileReference; lastKnownFileType = file.storyboard; name = Base; path = Base.lproj/Main.storyboard; sourceTree = "<group>"; };
		3540C205207F9FF4001E57BF /* Assets.xcassets */ = {isa = PBXFileReference; lastKnownFileType = folder.assetcatalog; path = Assets.xcassets; sourceTree = "<group>"; };
		3540C208207F9FF4001E57BF /* Base */ = {isa = PBXFileReference; lastKnownFileType = file.storyboard; name = Base; path = Base.lproj/LaunchScreen.storyboard; sourceTree = "<group>"; };
		3540C20A207F9FF4001E57BF /* Info.plist */ = {isa = PBXFileReference; lastKnownFileType = text.plist.xml; path = Info.plist; sourceTree = "<group>"; };
		3540C235207FA052001E57BF /* UIColor+Extension.swift */ = {isa = PBXFileReference; fileEncoding = 4; lastKnownFileType = sourcecode.swift; path = "UIColor+Extension.swift"; sourceTree = "<group>"; };
		3540C236207FA052001E57BF /* UIView_NJView.swift */ = {isa = PBXFileReference; fileEncoding = 4; lastKnownFileType = sourcecode.swift; path = UIView_NJView.swift; sourceTree = "<group>"; };
		3540C237207FA052001E57BF /* NJLoadingView.swift */ = {isa = PBXFileReference; fileEncoding = 4; lastKnownFileType = sourcecode.swift; path = NJLoadingView.swift; sourceTree = "<group>"; };
		3540C238207FA052001E57BF /* UITextField+NJTextField.swift */ = {isa = PBXFileReference; fileEncoding = 4; lastKnownFileType = sourcecode.swift; path = "UITextField+NJTextField.swift"; sourceTree = "<group>"; };
		3540C239207FA052001E57BF /* NJUIConst.swift */ = {isa = PBXFileReference; fileEncoding = 4; lastKnownFileType = sourcecode.swift; path = NJUIConst.swift; sourceTree = "<group>"; };
		3540C23A207FA052001E57BF /* CALayer+NJLayer.swift */ = {isa = PBXFileReference; fileEncoding = 4; lastKnownFileType = sourcecode.swift; path = "CALayer+NJLayer.swift"; sourceTree = "<group>"; };
		3540C23B207FA052001E57BF /* NJConst.swift */ = {isa = PBXFileReference; fileEncoding = 4; lastKnownFileType = sourcecode.swift; path = NJConst.swift; sourceTree = "<group>"; };
		3540C23C207FA052001E57BF /* NJAlert.swift */ = {isa = PBXFileReference; fileEncoding = 4; lastKnownFileType = sourcecode.swift; path = NJAlert.swift; sourceTree = "<group>"; };
/* End PBXFileReference section */

/* Begin PBXFrameworksBuildPhase section */
		3540C1F8207F9FF4001E57BF /* Frameworks */ = {
			isa = PBXFrameworksBuildPhase;
			buildActionMask = 2147483647;
			files = (
			);
			runOnlyForDeploymentPostprocessing = 0;
		};
/* End PBXFrameworksBuildPhase section */

/* Begin PBXGroup section */
		3540C1F2207F9FF4001E57BF = {
			isa = PBXGroup;
			children = (
				3540C234207FA052001E57BF /* iOSExtension */,
				3540C1FD207F9FF4001E57BF /* NJExtension */,
				3540C1FC207F9FF4001E57BF /* Products */,
			);
			sourceTree = "<group>";
		};
		3540C1FC207F9FF4001E57BF /* Products */ = {
			isa = PBXGroup;
			children = (
				3540C1FB207F9FF4001E57BF /* NJExtension.app */,
			);
			name = Products;
			sourceTree = "<group>";
		};
		3540C1FD207F9FF4001E57BF /* NJExtension */ = {
			isa = PBXGroup;
			children = (
				3540C1FE207F9FF4001E57BF /* AppDelegate.swift */,
				3540C200207F9FF4001E57BF /* ViewController.swift */,
				3540C202207F9FF4001E57BF /* Main.storyboard */,
				3540C205207F9FF4001E57BF /* Assets.xcassets */,
				3540C207207F9FF4001E57BF /* LaunchScreen.storyboard */,
				3540C20A207F9FF4001E57BF /* Info.plist */,
			);
			path = NJExtension;
			sourceTree = "<group>";
		};
		3540C234207FA052001E57BF /* iOSExtension */ = {
			isa = PBXGroup;
			children = (
				3540C235207FA052001E57BF /* UIColor+Extension.swift */,
				3540C236207FA052001E57BF /* UIView_NJView.swift */,
				3540C237207FA052001E57BF /* NJLoadingView.swift */,
				3540C238207FA052001E57BF /* UITextField+NJTextField.swift */,
				3540C239207FA052001E57BF /* NJUIConst.swift */,
				3540C23A207FA052001E57BF /* CALayer+NJLayer.swift */,
				3540C23B207FA052001E57BF /* NJConst.swift */,
				3540C23C207FA052001E57BF /* NJAlert.swift */,
			);
			name = iOSExtension;
			path = ../iOSExtension;
			sourceTree = "<group>";
		};
/* End PBXGroup section */

/* Begin PBXNativeTarget section */
		3540C1FA207F9FF4001E57BF /* NJExtension */ = {
			isa = PBXNativeTarget;
			buildConfigurationList = 3540C20D207F9FF4001E57BF /* Build configuration list for PBXNativeTarget "NJExtension" */;
			buildPhases = (
				3540C1F7207F9FF4001E57BF /* Sources */,
				3540C1F8207F9FF4001E57BF /* Frameworks */,
				3540C1F9207F9FF4001E57BF /* Resources */,
			);
			buildRules = (
			);
			dependencies = (
			);
			name = NJExtension;
			productName = NJExtension;
			productReference = 3540C1FB207F9FF4001E57BF /* NJExtension.app */;
			productType = "com.apple.product-type.application";
		};
/* End PBXNativeTarget section */

/* Begin PBXProject section */
		3540C1F3207F9FF4001E57BF /* Project object */ = {
			isa = PBXProject;
			attributes = {
				LastSwiftUpdateCheck = 0920;
				LastUpgradeCheck = 0920;
				ORGANIZATIONNAME = "jie liu";
				TargetAttributes = {
					3540C1FA207F9FF4001E57BF = {
						CreatedOnToolsVersion = 9.2;
						ProvisioningStyle = Automatic;
					};
				};
			};
			buildConfigurationList = 3540C1F6207F9FF4001E57BF /* Build configuration list for PBXProject "NJExtension" */;
			compatibilityVersion = "Xcode 8.0";
			developmentRegion = en;
			hasScannedForEncodings = 0;
			knownRegions = (
				en,
				Base,
			);
			mainGroup = 3540C1F2207F9FF4001E57BF;
			productRefGroup = 3540C1FC207F9FF4001E57BF /* Products */;
			projectDirPath = "";
			projectRoot = "";
			targets = (
				3540C1FA207F9FF4001E57BF /* NJExtension */,
			);
		};
/* End PBXProject section */

/* Begin PBXResourcesBuildPhase section */
		3540C1F9207F9FF4001E57BF /* Resources */ = {
			isa = PBXResourcesBuildPhase;
			buildActionMask = 2147483647;
			files = (
				3540C209207F9FF4001E57BF /* LaunchScreen.storyboard in Resources */,
				3540C206207F9FF4001E57BF /* Assets.xcassets in Resources */,
				3540C204207F9FF4001E57BF /* Main.storyboard in Resources */,
			);
			runOnlyForDeploymentPostprocessing = 0;
		};
/* End PBXResourcesBuildPhase section */

/* Begin PBXSourcesBuildPhase section */
		3540C1F7207F9FF4001E57BF /* Sources */ = {
			isa = PBXSourcesBuildPhase;
			buildActionMask = 2147483647;
			files = (
				3540C244207FA052001E57BF /* NJAlert.swift in Sources */,
				3540C23D207FA052001E57BF /* UIColor+Extension.swift in Sources */,
				3540C242207FA052001E57BF /* CALayer+NJLayer.swift in Sources */,
				3540C23E207FA052001E57BF /* UIView_NJView.swift in Sources */,
				3540C241207FA052001E57BF /* NJUIConst.swift in Sources */,
				3540C23F207FA052001E57BF /* NJLoadingView.swift in Sources */,
				3540C243207FA052001E57BF /* NJConst.swift in Sources */,
				3540C240207FA052001E57BF /* UITextField+NJTextField.swift in Sources */,
				3540C201207F9FF4001E57BF /* ViewController.swift in Sources */,
				3540C1FF207F9FF4001E57BF /* AppDelegate.swift in Sources */,
			);
			runOnlyForDeploymentPostprocessing = 0;
		};
/* End PBXSourcesBuildPhase section */

/* Begin PBXVariantGroup section */
		3540C202207F9FF4001E57BF /* Main.storyboard */ = {
			isa = PBXVariantGroup;
			children = (
				3540C203207F9FF4001E57BF /* Base */,
			);
			name = Main.storyboard;
			sourceTree = "<group>";
		};
		3540C207207F9FF4001E57BF /* LaunchScreen.storyboard */ = {
			isa = PBXVariantGroup;
			children = (
				3540C208207F9FF4001E57BF /* Base */,
			);
			name = LaunchScreen.storyboard;
			sourceTree = "<group>";
		};
/* End PBXVariantGroup section */

/* Begin XCBuildConfiguration section */
		3540C20B207F9FF4001E57BF /* Debug */ = {
			isa = XCBuildConfiguration;
			buildSettings = {
				ALWAYS_SEARCH_USER_PATHS = NO;
				CLANG_ANALYZER_NONNULL = YES;
				CLANG_ANALYZER_NUMBER_OBJECT_CONVERSION = YES_AGGRESSIVE;
				CLANG_CXX_LANGUAGE_STANDARD = "gnu++14";
				CLANG_CXX_LIBRARY = "libc++";
				CLANG_ENABLE_MODULES = YES;
				CLANG_ENABLE_OBJC_ARC = YES;
				CLANG_WARN_BLOCK_CAPTURE_AUTORELEASING = YES;
				CLANG_WARN_BOOL_CONVERSION = YES;
				CLANG_WARN_COMMA = YES;
				CLANG_WARN_CONSTANT_CONVERSION = YES;
				CLANG_WARN_DIRECT_OBJC_ISA_USAGE = YES_ERROR;
				CLANG_WARN_DOCUMENTATION_COMMENTS = YES;
				CLANG_WARN_EMPTY_BODY = YES;
				CLANG_WARN_ENUM_CONVERSION = YES;
				CLANG_WARN_INFINITE_RECURSION = YES;
				CLANG_WARN_INT_CONVERSION = YES;
				CLANG_WARN_NON_LITERAL_NULL_CONVERSION = YES;
				CLANG_WARN_OBJC_LITERAL_CONVERSION = YES;
				CLANG_WARN_OBJC_ROOT_CLASS = YES_ERROR;
				CLANG_WARN_RANGE_LOOP_ANALYSIS = YES;
				CLANG_WARN_STRICT_PROTOTYPES = YES;
				CLANG_WARN_SUSPICIOUS_MOVE = YES;
				CLANG_WARN_UNGUARDED_AVAILABILITY = YES_AGGRESSIVE;
				CLANG_WARN_UNREACHABLE_CODE = YES;
				CLANG_WARN__DUPLICATE_METHOD_MATCH = YES;
				CODE_SIGN_IDENTITY = "iPhone Developer";
				COPY_PHASE_STRIP = NO;
				DEBUG_INFORMATION_FORMAT = dwarf;
				ENABLE_STRICT_OBJC_MSGSEND = YES;
				ENABLE_TESTABILITY = YES;
				GCC_C_LANGUAGE_STANDARD = gnu11;
				GCC_DYNAMIC_NO_PIC = NO;
				GCC_NO_COMMON_BLOCKS = YES;
				GCC_OPTIMIZATION_LEVEL = 0;
				GCC_PREPROCESSOR_DEFINITIONS = (
					"DEBUG=1",
					"$(inherited)",
				);
				GCC_WARN_64_TO_32_BIT_CONVERSION = YES;
				GCC_WARN_ABOUT_RETURN_TYPE = YES_ERROR;
				GCC_WARN_UNDECLARED_SELECTOR = YES;
				GCC_WARN_UNINITIALIZED_AUTOS = YES_AGGRESSIVE;
				GCC_WARN_UNUSED_FUNCTION = YES;
				GCC_WARN_UNUSED_VARIABLE = YES;
				IPHONEOS_DEPLOYMENT_TARGET = 11.2;
				MTL_ENABLE_DEBUG_INFO = YES;
				ONLY_ACTIVE_ARCH = YES;
				SDKROOT = iphoneos;
				SWIFT_ACTIVE_COMPILATION_CONDITIONS = DEBUG;
				SWIFT_OPTIMIZATION_LEVEL = "-Onone";
			};
			name = Debug;
		};
		3540C20C207F9FF4001E57BF /* Release */ = {
			isa = XCBuildConfiguration;
			buildSettings = {
				ALWAYS_SEARCH_USER_PATHS = NO;
				CLANG_ANALYZER_NONNULL = YES;
				CLANG_ANALYZER_NUMBER_OBJECT_CONVERSION = YES_AGGRESSIVE;
				CLANG_CXX_LANGUAGE_STANDARD = "gnu++14";
				CLANG_CXX_LIBRARY = "libc++";
				CLANG_ENABLE_MODULES = YES;
				CLANG_ENABLE_OBJC_ARC = YES;
				CLANG_WARN_BLOCK_CAPTURE_AUTORELEASING = YES;
				CLANG_WARN_BOOL_CONVERSION = YES;
				CLANG_WARN_COMMA = YES;
				CLANG_WARN_CONSTANT_CONVERSION = YES;
				CLANG_WARN_DIRECT_OBJC_ISA_USAGE = YES_ERROR;
				CLANG_WARN_DOCUMENTATION_COMMENTS = YES;
				CLANG_WARN_EMPTY_BODY = YES;
				CLANG_WARN_ENUM_CONVERSION = YES;
				CLANG_WARN_INFINITE_RECURSION = YES;
				CLANG_WARN_INT_CONVERSION = YES;
				CLANG_WARN_NON_LITERAL_NULL_CONVERSION = YES;
				CLANG_WARN_OBJC_LITERAL_CONVERSION = YES;
				CLANG_WARN_OBJC_ROOT_CLASS = YES_ERROR;
				CLANG_WARN_RANGE_LOOP_ANALYSIS = YES;
				CLANG_WARN_STRICT_PROTOTYPES = YES;
				CLANG_WARN_SUSPICIOUS_MOVE = YES;
				CLANG_WARN_UNGUARDED_AVAILABILITY = YES_AGGRESSIVE;
				CLANG_WARN_UNREACHABLE_CODE = YES;
				CLANG_WARN__DUPLICATE_METHOD_MATCH = YES;
				CODE_SIGN_IDENTITY = "iPhone Developer";
				COPY_PHASE_STRIP = NO;
				DEBUG_INFORMATION_FORMAT = "dwarf-with-dsym";
				ENABLE_NS_ASSERTIONS = NO;
				ENABLE_STRICT_OBJC_MSGSEND = YES;
				GCC_C_LANGUAGE_STANDARD = gnu11;
				GCC_NO_COMMON_BLOCKS = YES;
				GCC_WARN_64_TO_32_BIT_CONVERSION = YES;
				GCC_WARN_ABOUT_RETURN_TYPE = YES_ERROR;
				GCC_WARN_UNDECLARED_SELECTOR = YES;
				GCC_WARN_UNINITIALIZED_AUTOS = YES_AGGRESSIVE;
				GCC_WARN_UNUSED_FUNCTION = YES;
				GCC_WARN_UNUSED_VARIABLE = YES;
				IPHONEOS_DEPLOYMENT_TARGET = 11.2;
				MTL_ENABLE_DEBUG_INFO = NO;
				SDKROOT = iphoneos;
				SWIFT_OPTIMIZATION_LEVEL = "-Owholemodule";
				VALIDATE_PRODUCT = YES;
			};
			name = Release;
		};
		3540C20E207F9FF4001E57BF /* Debug */ = {
			isa = XCBuildConfiguration;
			buildSettings = {
				ASSETCATALOG_COMPILER_APPICON_NAME = AppIcon;
				CODE_SIGN_STYLE = Automatic;
				DEVELOPMENT_TEAM = 9ZJC727WM9;
				INFOPLIST_FILE = NJExtension/Info.plist;
				LD_RUNPATH_SEARCH_PATHS = "$(inherited) @executable_path/Frameworks";
				PRODUCT_BUNDLE_IDENTIFIER = cn.nj.NJExtension;
				PRODUCT_NAME = "$(TARGET_NAME)";
				SWIFT_VERSION = 4.0;
				TARGETED_DEVICE_FAMILY = "1,2";
			};
			name = Debug;
		};
		3540C20F207F9FF4001E57BF /* Release */ = {
			isa = XCBuildConfiguration;
			buildSettings = {
				ASSETCATALOG_COMPILER_APPICON_NAME = AppIcon;
				CODE_SIGN_STYLE = Automatic;
				DEVELOPMENT_TEAM = 9ZJC727WM9;
				INFOPLIST_FILE = NJExtension/Info.plist;
				LD_RUNPATH_SEARCH_PATHS = "$(inherited) @executable_path/Frameworks";
				PRODUCT_BUNDLE_IDENTIFIER = cn.nj.NJExtension;
				PRODUCT_NAME = "$(TARGET_NAME)";
				SWIFT_VERSION = 4.0;
				TARGETED_DEVICE_FAMILY = "1,2";
			};
			name = Release;
		};
/* End XCBuildConfiguration section */

/* Begin XCConfigurationList section */
		3540C1F6207F9FF4001E57BF /* Build configuration list for PBXProject "NJExtension" */ = {
			isa = XCConfigurationList;
			buildConfigurations = (
				3540C20B207F9FF4001E57BF /* Debug */,
				3540C20C207F9FF4001E57BF /* Release */,
			);
			defaultConfigurationIsVisible = 0;
			defaultConfigurationName = Release;
		};
		3540C20D207F9FF4001E57BF /* Build configuration list for PBXNativeTarget "NJExtension" */ = {
			isa = XCConfigurationList;
			buildConfigurations = (
				3540C20E207F9FF4001E57BF /* Debug */,
				3540C20F207F9FF4001E57BF /* Release */,
			);
			defaultConfigurationIsVisible = 0;
			defaultConfigurationName = Release;
		};
/* End XCConfigurationList section */
	};
	rootObject = 3540C1F3207F9FF4001E57BF /* Project object */;
}
